<Solution>
  <Folder Name="/src/">
    <Project Path="src/core/HELIOS.Platform.Contracts/HELIOS.Platform.Contracts.csproj" />
    <Project Path="src/core/HELIOS.Platform.Minimal/HELIOS.Platform.csproj" />
    <Project Path="src/analytics/HELIOS.Analytics.FSharp/HELIOS.Analytics.FSharp.fsproj" />
  </Folder>
  <Folder Name="/tests/">
    <Project Path="tests/analytics/HELIOS.Analytics.FSharp.Tests/HELIOS.Analytics.FSharp.Tests.fsproj" />
  </Folder>
</Solution>
