{
  "name": "helios-developer-cockpit-tools",
  "version": "1.0.0",
  "lockfileVersion": 3,
  "requires": true,
  "packages": {
    "": {
      "name": "helios-developer-cockpit-tools",
      "version": "1.0.0",
      "dependencies": {
        "@anthropic-ai/claude-code": "2.1.220",
        "@azure/mcp": "3.0.0-beta.29",
        "@devcontainers/cli": "0.88.0"
      }
    },
    "node_modules/@anthropic-ai/claude-code": {
      "version": "2.1.220",
      "resolved": "https://registry.npmjs.org/@anthropic-ai/claude-code/-/claude-code-2.1.220.tgz",
      "integrity": "sha512-ogBrvwkqF9f8okmnXKxmRNHuvtFxFEffe5pWdqOV3iQDxlUOKirFqnyWC7NGXXnDA4WkkbPH8pvSbwyCR2Auyw==",
      "hasInstallScript": true,
      "license": "SEE LICENSE IN README.md",
      "bin": {
        "claude": "bin/claude.exe"
      },
      "engines": {
        "node": ">=22.0.0"
      },
      "optionalDependencies": {
        "@anthropic-ai/claude-code-darwin-arm64": "2.1.220",
        "@anthropic-ai/claude-code-darwin-x64": "2.1.220",
        "@anthropic-ai/claude-code-linux-arm64": "2.1.220",
        "@anthropic-ai/claude-code-linux-arm64-musl": "2.1.220",
        "@anthropic-ai/claude-code-linux-x64": "2.1.220",
        "@anthropic-ai/claude-code-linux-x64-musl": "2.1.220",
        "@anthropic-ai/claude-code-win32-arm64": "2.1.220",
        "@anthropic-ai/claude-code-win32-x64": "2.1.220"
      }
    },
    "node_modules/@anthropic-ai/claude-code-darwin-arm64": {
      "version": "2.1.220",
      "resolved": "https://registry.npmjs.org/@anthropic-ai/claude-code-darwin-arm64/-/claude-code-darwin-arm64-2.1.220.tgz",
      "integrity": "sha512-rmtd41Bf+n+YnhjSjtQ8WG5qy8KKogUp3YRfQrkLsTgPUD0H3j869rBInBJT3SHrKQ0hLghQLGM73CC1C+USLQ==",
      "cpu": [
        "arm64"
      ],
      "license": "SEE LICENSE IN LICENSE.md",
      "optional": true,
      "os": [
        "darwin"
      ]
    },
    "node_modules/@anthropic-ai/claude-code-darwin-x64": {
      "version": "2.1.220",
      "resolved": "https://registry.npmjs.org/@anthropic-ai/claude-code-darwin-x64/-/claude-code-darwin-x64-2.1.220.tgz",
      "integrity": "sha512-hbuoG+YCo37VzSKzKJ47ymRmt/YjASc3dRcsZtCcftLYdopv8KL889x/IbCl3cfp/VqV2rRDZ0f3aUDpHUFweQ==",
      "cpu": [
        "x64"
      ],
      "license": "SEE LICENSE IN LICENSE.md",
      "optional": true,
      "os": [
        "darwin"
      ]
    },
    "node_modules/@anthropic-ai/claude-code-linux-arm64": {
      "version": "2.1.220",
      "resolved": "https://registry.npmjs.org/@anthropic-ai/claude-code-linux-arm64/-/claude-code-linux-arm64-2.1.220.tgz",
      "integrity": "sha512-VHFI8mKruIntKn7eq81sbyS19/KWmQcmJQsS/C+j9M/E+w0s4UytgsL7DADPjBE/GByNiKoRtLYDMntCjRlOdA==",
      "cpu": [
        "arm64"
      ],
      "license": "SEE LICENSE IN LICENSE.md",
      "optional": true,
      "os": [
        "linux"
      ]
    },
    "node_modules/@anthropic-ai/claude-code-linux-arm64-musl": {
      "version": "2.1.220",
      "resolved": "https://registry.npmjs.org/@anthropic-ai/claude-code-linux-arm64-musl/-/claude-code-linux-arm64-musl-2.1.220.tgz",
      "integrity": "sha512-m37ALw8jcbSknuyG7xDQjGPY7Gth3eX8iFY1XFEWABVq1iUMVAUn96WC9eqwi8/JSqyG2t3oNRiqHdi2ZNKFGQ==",
      "cpu": [
        "arm64"
      ],
      "license": "SEE LICENSE IN LICENSE.md",
      "optional": true,
      "os": [
        "linux"
      ]
    },
    "node_modules/@anthropic-ai/claude-code-linux-x64": {
      "version": "2.1.220",
      "resolved": "https://registry.npmjs.org/@anthropic-ai/claude-code-linux-x64/-/claude-code-linux-x64-2.1.220.tgz",
      "integrity": "sha512-3CGFCnI0gpgsqNeJruFALBDGJaKXOuok3alQEg56ty2yOPpIrOx/r2Y0+T4uhJl7kP5Hzw4IFkxo4DZKWvzQ7Q==",
      "cpu": [
        "x64"
      ],
      "license": "SEE LICENSE IN LICENSE.md",
      "optional": true,
      "os": [
        "linux"
      ]
    },
    "node_modules/@anthropic-ai/claude-code-linux-x64-musl": {
      "version": "2.1.220",
      "resolved": "https://registry.npmjs.org/@anthropic-ai/claude-code-linux-x64-musl/-/claude-code-linux-x64-musl-2.1.220.tgz",
      "integrity": "sha512-+QyT1KikOdMRKReWFaBYGsroYx2vEjjx54DwhMoC24oE1DxjC+SlKjeOTRXAKiu0fr0O549Lkhg2tuT5xtQpAQ==",
      "cpu": [
        "x64"
      ],
      "license": "SEE LICENSE IN LICENSE.md",
      "optional": true,
      "os": [
        "linux"
      ]
    },
    "node_modules/@anthropic-ai/claude-code-win32-arm64": {
      "version": "2.1.220",
      "resolved": "https://registry.npmjs.org/@anthropic-ai/claude-code-win32-arm64/-/claude-code-win32-arm64-2.1.220.tgz",
      "integrity": "sha512-APqZwFBn38DBUwB65uUTetW7lbtUqFfAfOWKvkmOyqFDswDEsInaINuIwqMCl44WYcch10SaHhEZdXJU9MG3aQ==",
      "cpu": [
        "arm64"
      ],
      "license": "SEE LICENSE IN LICENSE.md",
      "optional": true,
      "os": [
        "win32"
      ]
    },
    "node_modules/@anthropic-ai/claude-code-win32-x64": {
      "version": "2.1.220",
      "resolved": "https://registry.npmjs.org/@anthropic-ai/claude-code-win32-x64/-/claude-code-win32-x64-2.1.220.tgz",
      "integrity": "sha512-UGrjH8cGhC6PzhTyZSdgf/RpKxpfk9XJZ/RT/wsG2AJg9yEJLjLg6/TrnlL8RFbEv6Zahu0Quytc02UOpA/GiA==",
      "cpu": [
        "x64"
      ],
      "license": "SEE LICENSE IN LICENSE.md",
      "optional": true,
      "os": [
        "win32"
      ]
    },
    "node_modules/@azure/mcp": {
      "version": "3.0.0-beta.29",
      "resolved": "https://registry.npmjs.org/@azure/mcp/-/mcp-3.0.0-beta.29.tgz",
      "integrity": "sha512-LajwIq5MUjDMLauK6rwwekYJVrjxCtamPBGER/bIhUUDxcKfRibGrzbt9BAIgTz4DHAIQrUxfUbtVZ21aL+jPg==",
      "cpu": [
        "x64",
        "arm64"
      ],
      "hasInstallScript": true,
      "license": "MIT",
      "os": [
        "linux",
        "darwin",
        "win32"
      ],
      "bin": {
        "azmcp": "index.js"
      },
      "engines": {
        "node": ">=22.0.0"
      },
      "optionalDependencies": {
        "@azure/mcp-darwin-arm64": "3.0.0-beta.29",
        "@azure/mcp-darwin-x64": "3.0.0-beta.29",
        "@azure/mcp-linux-arm64": "3.0.0-beta.29",
        "@azure/mcp-linux-x64": "3.0.0-beta.29",
        "@azure/mcp-win32-arm64": "3.0.0-beta.29",
        "@azure/mcp-win32-x64": "3.0.0-beta.29"
      }
    },
    "node_modules/@azure/mcp-darwin-arm64": {
      "version": "3.0.0-beta.29",
      "resolved": "https://registry.npmjs.org/@azure/mcp-darwin-arm64/-/mcp-darwin-arm64-3.0.0-beta.29.tgz",
      "integrity": "sha512-ivkKxqNEMu4ZNwPIpy45f0B64pTtLZPe4uEGeOyt9fqpykJeWzhmuHSfrMWv9WOcJoVyG5C3F8z2DwGkk5W9CA==",
      "cpu": [
        "arm64"
      ],
      "license": "MIT",
      "optional": true,
      "os": [
        "darwin"
      ],
      "bin": {
        "azmcp-darwin-arm64": "dist/azmcp"
      },
      "engines": {
        "node": ">=22.0.0"
      }
    },
    "node_modules/@azure/mcp-darwin-x64": {
      "version": "3.0.0-beta.29",
      "resolved": "https://registry.npmjs.org/@azure/mcp-darwin-x64/-/mcp-darwin-x64-3.0.0-beta.29.tgz",
      "integrity": "sha512-9qn3Q17nYmqhNDesEejUtds0ZtsAZgM/1G0LYe6E1Ph1HnTEouMB241kUnigjo2BrzgJt9DSYo0Kh4Ig8C5FPQ==",
      "cpu": [
        "x64"
      ],
      "license": "MIT",
      "optional": true,
      "os": [
        "darwin"
      ],
      "bin": {
        "azmcp-darwin-x64": "dist/azmcp"
      },
      "engines": {
        "node": ">=22.0.0"
      }
    },
    "node_modules/@azure/mcp-linux-arm64": {
      "version": "3.0.0-beta.29",
      "resolved": "https://registry.npmjs.org/@azure/mcp-linux-arm64/-/mcp-linux-arm64-3.0.0-beta.29.tgz",
      "integrity": "sha512-E+Tx9wm4Djrw7CeUSbS09hCF4QVl2zFVrwPpUCksthanOazQCq/i295sW0kbsQ8rc21+/woSez0o6VEDO/uDEw==",
      "cpu": [
        "arm64"
      ],
      "license": "MIT",
      "optional": true,
      "os": [
        "linux"
      ],
      "bin": {
        "azmcp-linux-arm64": "dist/azmcp"
      },
      "engines": {
        "node": ">=22.0.0"
      }
    },
    "node_modules/@azure/mcp-linux-x64": {
      "version": "3.0.0-beta.29",
      "resolved": "https://registry.npmjs.org/@azure/mcp-linux-x64/-/mcp-linux-x64-3.0.0-beta.29.tgz",
      "integrity": "sha512-xUsmxM4OceujaH0PLc8qTbSF42PtgFJ4UZaQPT0Rh2m9OSCjfkbK4f5IMr/TXGxVes6e75pTJVwgAKiIXptN2g==",
      "cpu": [
        "x64"
      ],
      "license": "MIT",
      "optional": true,
      "os": [
        "linux"
      ],
      "bin": {
        "azmcp-linux-x64": "dist/azmcp"
      },
      "engines": {
        "node": ">=22.0.0"
      }
    },
    "node_modules/@azure/mcp-win32-arm64": {
      "version": "3.0.0-beta.29",
      "resolved": "https://registry.npmjs.org/@azure/mcp-win32-arm64/-/mcp-win32-arm64-3.0.0-beta.29.tgz",
      "integrity": "sha512-C/wJ/LEP936P8jld9Z5AuSuOgGINqvRI44O6n8NyXIK2BdAgzyshgdKS+x5WHQJJRs/71PcSDPorB429oNmlcg==",
      "cpu": [
        "arm64"
      ],
      "license": "MIT",
      "optional": true,
      "os": [
        "win32"
      ],
      "bin": {
        "azmcp-win32-arm64": "dist/azmcp.exe"
      },
      "engines": {
        "node": ">=22.0.0"
      }
    },
    "node_modules/@azure/mcp-win32-x64": {
      "version": "3.0.0-beta.29",
      "resolved": "https://registry.npmjs.org/@azure/mcp-win32-x64/-/mcp-win32-x64-3.0.0-beta.29.tgz",
      "integrity": "sha512-XY8+7aR6AR+JoMT2owfXabN7d+ydsBP+nK7DY/sZ5lYEB/YuP5cJKZIzKYevmrq6WDGb39nWfqiXmspnHzWUEA==",
      "cpu": [
        "x64"
      ],
      "license": "MIT",
      "optional": true,
      "os": [
        "win32"
      ],
      "bin": {
        "azmcp-win32-x64": "dist/azmcp.exe"
      },
      "engines": {
        "node": ">=22.0.0"
      }
    },
    "node_modules/@devcontainers/cli": {
      "version": "0.88.0",
      "resolved": "https://registry.npmjs.org/@devcontainers/cli/-/cli-0.88.0.tgz",
      "integrity": "sha512-sMkruPy/icfov20mdQh2EjFYZogxvMEZptDEvg5/eMBIUOr2xr+8wlsI7nvDR6EJxoBjqoasXqgRGbiMqbaJ1w==",
      "license": "MIT",
      "bin": {
        "devcontainer": "devcontainer.js"
      },
      "engines": {
        "node": ">=20.0.0"
      }
    }
  }
}
